
Microsoft Visual Studio Solution File, Format Version 12.00
# Visual Studio 15
VisualStudioVersion = 15.0.28307.960
MinimumVisualStudioVersion = 10.0.40219.1
Project("{FAE04EC0-301F-11D3-BF4B-00C04F79EFBC}") = "Zdanie", "Zdanie\Zdanie.csproj", "{D0DB56F6-A950-4678-B3F2-A259E51AE386}"
EndProject
Global
	GlobalSection(SolutionConfigurationPlatforms) = preSolution
		Debug|Any CPU = Debug|Any CPU
		Release|Any CPU = Release|Any CPU
	EndGlobalSection
	GlobalSection(ProjectConfigurationPlatforms) = postSolution
		{D0DB56F6-A950-4678-B3F2-A259E51AE386}.Debug|Any CPU.ActiveCfg = Debug|Any CPU
		{D0DB56F6-A950-4678-B3F2-A259E51AE386}.Debug|Any CPU.Build.0 = Debug|Any CPU
		{D0DB56F6-A950-4678-B3F2-A259E51AE386}.Release|Any CPU.ActiveCfg = Release|Any CPU
		{D0DB56F6-A950-4678-B3F2-A259E51AE386}.Release|Any CPU.Build.0 = Release|Any CPU
	EndGlobalSection
	GlobalSection(SolutionProperties) = preSolution
		HideSolutionNode = FALSE
	EndGlobalSection
	GlobalSection(ExtensibilityGlobals) = postSolution
		SolutionGuid = {4B7489F8-8785-4EC0-85D8-5A62A50946A2}
	EndGlobalSection
EndGlobal
